
Microsoft Visual Studio Solution File, Format Version 12.00
# Visual Studio Version 17
VisualStudioVersion = 17.4.33213.308
MinimumVisualStudioVersion = 10.0.40219.1
Project("{9A19103F-16F7-4668-BE54-9A1E7A4F7556}") = "ApiProdutos.Services", "ApiProdutos.Services\ApiProdutos.Services.csproj", "{6697C93D-FCBC-4F8A-BC96-13F9B9BC3622}"
EndProject
Project("{2150E333-8FDC-42A3-9474-1A3956D46DE8}") = "1 - Services Layer", "1 - Services Layer", "{F0A25A0E-108F-48B4-ABC6-D64ED453B50B}"
EndProject
Project("{2150E333-8FDC-42A3-9474-1A3956D46DE8}") = "2 - Data Layer", "2 - Data Layer", "{581E5435-EF0C-489F-BAB6-5CF96D8522C4}"
EndProject
Project("{FAE04EC0-301F-11D3-BF4B-00C04F79EFBC}") = "ApiProdutos.Data", "ApiProdutos.Data\ApiProdutos.Data.csproj", "{645C969A-ED71-49C3-904D-CC77A88F48A5}"
EndProject
Global
	GlobalSection(SolutionConfigurationPlatforms) = preSolution
		Debug|Any CPU = Debug|Any CPU
		Release|Any CPU = Release|Any CPU
	EndGlobalSection
	GlobalSection(ProjectConfigurationPlatforms) = postSolution
		{6697C93D-FCBC-4F8A-BC96-13F9B9BC3622}.Debug|Any CPU.ActiveCfg = Debug|Any CPU
		{6697C93D-FCBC-4F8A-BC96-13F9B9BC3622}.Debug|Any CPU.Build.0 = Debug|Any CPU
		{6697C93D-FCBC-4F8A-BC96-13F9B9BC3622}.Release|Any CPU.ActiveCfg = Release|Any CPU
		{6697C93D-FCBC-4F8A-BC96-13F9B9BC3622}.Release|Any CPU.Build.0 = Release|Any CPU
		{645C969A-ED71-49C3-904D-CC77A88F48A5}.Debug|Any CPU.ActiveCfg = Debug|Any CPU
		{645C969A-ED71-49C3-904D-CC77A88F48A5}.Debug|Any CPU.Build.0 = Debug|Any CPU
		{645C969A-ED71-49C3-904D-CC77A88F48A5}.Release|Any CPU.ActiveCfg = Release|Any CPU
		{645C969A-ED71-49C3-904D-CC77A88F48A5}.Release|Any CPU.Build.0 = Release|Any CPU
	EndGlobalSection
	GlobalSection(SolutionProperties) = preSolution
		HideSolutionNode = FALSE
	EndGlobalSection
	GlobalSection(NestedProjects) = preSolution
		{6697C93D-FCBC-4F8A-BC96-13F9B9BC3622} = {F0A25A0E-108F-48B4-ABC6-D64ED453B50B}
		{645C969A-ED71-49C3-904D-CC77A88F48A5} = {581E5435-EF0C-489F-BAB6-5CF96D8522C4}
	EndGlobalSection
	GlobalSection(ExtensibilityGlobals) = postSolution
		SolutionGuid = {A07ADAAB-9693-4141-98E5-DA2D3D6D9FFC}
	EndGlobalSection
EndGlobal
